
Microsoft Visual Studio Solution File, Format Version 12.00
# Visual Studio 14
VisualStudioVersion = 14.0.25420.1
MinimumVisualStudioVersion = 10.0.40219.1
Project("{FAE04EC0-301F-11D3-BF4B-00C04F79EFBC}") = "CalendarXamForm", "CalendarXamForm\CalendarXamForm\CalendarXamForm.csproj", "{BFC0C8CC-0E3A-4567-B62A-59064E2665EB}"
EndProject
Project("{FAE04EC0-301F-11D3-BF4B-00C04F79EFBC}") = "CalendarXamForm.Droid", "CalendarXamForm\CalendarXamForm.Droid\CalendarXamForm.Droid.csproj", "{A38AB302-7BFB-4724-888C-575A4FBA2149}"
EndProject
Project("{FAE04EC0-301F-11D3-BF4B-00C04F79EFBC}") = "CalendarXamForm.iOS", "CalendarXamForm\CalendarXamForm.iOS\CalendarXamForm.iOS.csproj", "{79C4B268-1716-4948-98AD-AB497097479B}"
EndProject
Global
	GlobalSection(SolutionConfigurationPlatforms) = preSolution
		Ad-Hoc|Any CPU = Ad-Hoc|Any CPU
		Ad-Hoc|iPhone = Ad-Hoc|iPhone
		Ad-Hoc|iPhoneSimulator = Ad-Hoc|iPhoneSimulator
		Ad-Hoc|x64 = Ad-Hoc|x64
		Ad-Hoc|x86 = Ad-Hoc|x86
		AppStore|Any CPU = AppStore|Any CPU
		AppStore|iPhone = AppStore|iPhone
		AppStore|iPhoneSimulator = AppStore|iPhoneSimulator
		AppStore|x64 = AppStore|x64
		AppStore|x86 = AppStore|x86
		Debug|Any CPU = Debug|Any CPU
		Debug|iPhone = Debug|iPhone
		Debug|iPhoneSimulator = Debug|iPhoneSimulator
		Debug|x64 = Debug|x64
		Debug|x86 = Debug|x86
		Release|Any CPU = Release|Any CPU
		Release|iPhone = Release|iPhone
		Release|iPhoneSimulator = Release|iPhoneSimulator
		Release|x64 = Release|x64
		Release|x86 = Release|x86
	EndGlobalSection
	GlobalSection(ProjectConfigurationPlatforms) = postSolution
		{BFC0C8CC-0E3A-4567-B62A-59064E2665EB}.Ad-Hoc|Any CPU.ActiveCfg = Release|Any CPU
		{BFC0C8CC-0E3A-4567-B62A-59064E2665EB}.Ad-Hoc|Any CPU.Build.0 = Release|Any CPU
		{BFC0C8CC-0E3A-4567-B62A-59064E2665EB}.Ad-Hoc|iPhone.ActiveCfg = Release|Any CPU
		{BFC0C8CC-0E3A-4567-B62A-59064E2665EB}.Ad-Hoc|iPhone.Build.0 = Release|Any CPU
		{BFC0C8CC-0E3A-4567-B62A-59064E2665EB}.Ad-Hoc|iPhoneSimulator.ActiveCfg = Release|Any CPU
		{BFC0C8CC-0E3A-4567-B62A-59064E2665EB}.Ad-Hoc|iPhoneSimulator.Build.0 = Release|Any CPU
		{BFC0C8CC-0E3A-4567-B62A-59064E2665EB}.Ad-Hoc|x64.ActiveCfg = Debug|Any CPU
		{BFC0C8CC-0E3A-4567-B62A-59064E2665EB}.Ad-Hoc|x64.Build.0 = Debug|Any CPU
		{BFC0C8CC-0E3A-4567-B62A-59064E2665EB}.Ad-Hoc|x86.ActiveCfg = Debug|Any CPU
		{BFC0C8CC-0E3A-4567-B62A-59064E2665EB}.Ad-Hoc|x86.Build.0 = Debug|Any CPU
		{BFC0C8CC-0E3A-4567-B62A-59064E2665EB}.AppStore|Any CPU.ActiveCfg = Release|Any CPU
		{BFC0C8CC-0E3A-4567-B62A-59064E2665EB}.AppStore|Any CPU.Build.0 = Release|Any CPU
		{BFC0C8CC-0E3A-4567-B62A-59064E2665EB}.AppStore|iPhone.ActiveCfg = Release|Any CPU
		{BFC0C8CC-0E3A-4567-B62A-59064E2665EB}.AppStore|iPhone.Build.0 = Release|Any CPU
		{BFC0C8CC-0E3A-4567-B62A-59064E2665EB}.AppStore|iPhoneSimulator.ActiveCfg = Release|Any CPU
		{BFC0C8CC-0E3A-4567-B62A-59064E2665EB}.AppStore|iPhoneSimulator.Build.0 = Release|Any CPU
		{BFC0C8CC-0E3A-4567-B62A-59064E2665EB}.AppStore|x64.ActiveCfg = Debug|Any CPU
		{BFC0C8CC-0E3A-4567-B62A-59064E2665EB}.AppStore|x64.Build.0 = Debug|Any CPU
		{BFC0C8CC-0E3A-4567-B62A-59064E2665EB}.AppStore|x86.ActiveCfg = Debug|Any CPU
		{BFC0C8CC-0E3A-4567-B62A-59064E2665EB}.AppStore|x86.Build.0 = Debug|Any CPU
		{BFC0C8CC-0E3A-4567-B62A-59064E2665EB}.Debug|Any CPU.ActiveCfg = Debug|Any CPU
		{BFC0C8CC-0E3A-4567-B62A-59064E2665EB}.Debug|Any CPU.Build.0 = Debug|Any CPU
		{BFC0C8CC-0E3A-4567-B62A-59064E2665EB}.Debug|iPhone.ActiveCfg = Debug|Any CPU
		{BFC0C8CC-0E3A-4567-B62A-59064E2665EB}.Debug|iPhone.Build.0 = Debug|Any CPU
		{BFC0C8CC-0E3A-4567-B62A-59064E2665EB}.Debug|iPhoneSimulator.ActiveCfg = Debug|Any CPU
		{BFC0C8CC-0E3A-4567-B62A-59064E2665EB}.Debug|iPhoneSimulator.Build.0 = Debug|Any CPU
		{BFC0C8CC-0E3A-4567-B62A-59064E2665EB}.Debug|x64.ActiveCfg = Debug|Any CPU
		{BFC0C8CC-0E3A-4567-B62A-59064E2665EB}.Debug|x64.Build.0 = Debug|Any CPU
		{BFC0C8CC-0E3A-4567-B62A-59064E2665EB}.Debug|x86.ActiveCfg = Debug|Any CPU
		{BFC0C8CC-0E3A-4567-B62A-59064E2665EB}.Debug|x86.Build.0 = Debug|Any CPU
		{BFC0C8CC-0E3A-4567-B62A-59064E2665EB}.Release|Any CPU.ActiveCfg = Release|Any CPU
		{BFC0C8CC-0E3A-4567-B62A-59064E2665EB}.Release|Any CPU.Build.0 = Release|Any CPU
		{BFC0C8CC-0E3A-4567-B62A-59064E2665EB}.Release|iPhone.ActiveCfg = Release|Any CPU
		{BFC0C8CC-0E3A-4567-B62A-59064E2665EB}.Release|iPhone.Build.0 = Release|Any CPU
		{BFC0C8CC-0E3A-4567-B62A-59064E2665EB}.Release|iPhoneSimulator.ActiveCfg = Release|Any CPU
		{BFC0C8CC-0E3A-4567-B62A-59064E2665EB}.Release|iPhoneSimulator.Build.0 = Release|Any CPU
		{BFC0C8CC-0E3A-4567-B62A-59064E2665EB}.Release|x64.ActiveCfg = Release|Any CPU
		{BFC0C8CC-0E3A-4567-B62A-59064E2665EB}.Release|x64.Build.0 = Release|Any CPU
		{BFC0C8CC-0E3A-4567-B62A-59064E2665EB}.Release|x86.ActiveCfg = Release|Any CPU
		{BFC0C8CC-0E3A-4567-B62A-59064E2665EB}.Release|x86.Build.0 = Release|Any CPU
		{A38AB302-7BFB-4724-888C-575A4FBA2149}.Ad-Hoc|Any CPU.ActiveCfg = Release|Any CPU
		{A38AB302-7BFB-4724-888C-575A4FBA2149}.Ad-Hoc|Any CPU.Build.0 = Release|Any CPU
		{A38AB302-7BFB-4724-888C-575A4FBA2149}.Ad-Hoc|Any CPU.Deploy.0 = Release|Any CPU
		{A38AB302-7BFB-4724-888C-575A4FBA2149}.Ad-Hoc|iPhone.ActiveCfg = Release|Any CPU
		{A38AB302-7BFB-4724-888C-575A4FBA2149}.Ad-Hoc|iPhone.Build.0 = Release|Any CPU
		{A38AB302-7BFB-4724-888C-575A4FBA2149}.Ad-Hoc|iPhone.Deploy.0 = Release|Any CPU
		{A38AB302-7BFB-4724-888C-575A4FBA2149}.Ad-Hoc|iPhoneSimulator.ActiveCfg = Release|Any CPU
		{A38AB302-7BFB-4724-888C-575A4FBA2149}.Ad-Hoc|iPhoneSimulator.Build.0 = Release|Any CPU
		{A38AB302-7BFB-4724-888C-575A4FBA2149}.Ad-Hoc|iPhoneSimulator.Deploy.0 = Release|Any CPU
		{A38AB302-7BFB-4724-888C-575A4FBA2149}.Ad-Hoc|x64.ActiveCfg = Release|x64
		{A38AB302-7BFB-4724-888C-575A4FBA2149}.Ad-Hoc|x64.Build.0 = Release|x64
		{A38AB302-7BFB-4724-888C-575A4FBA2149}.Ad-Hoc|x64.Deploy.0 = Release|x64
		{A38AB302-7BFB-4724-888C-575A4FBA2149}.Ad-Hoc|x86.ActiveCfg = Release|x86
		{A38AB302-7BFB-4724-888C-575A4FBA2149}.Ad-Hoc|x86.Build.0 = Release|x86
		{A38AB302-7BFB-4724-888C-575A4FBA2149}.Ad-Hoc|x86.Deploy.0 = Release|x86
		{A38AB302-7BFB-4724-888C-575A4FBA2149}.AppStore|Any CPU.ActiveCfg = Release|Any CPU
		{A38AB302-7BFB-4724-888C-575A4FBA2149}.AppStore|Any CPU.Build.0 = Release|Any CPU
		{A38AB302-7BFB-4724-888C-575A4FBA2149}.AppStore|Any CPU.Deploy.0 = Release|Any CPU
		{A38AB302-7BFB-4724-888C-575A4FBA2149}.AppStore|iPhone.ActiveCfg = Release|Any CPU
		{A38AB302-7BFB-4724-888C-575A4FBA2149}.AppStore|iPhone.Build.0 = Release|Any CPU
		{A38AB302-7BFB-4724-888C-575A4FBA2149}.AppStore|iPhone.Deploy.0 = Release|Any CPU
		{A38AB302-7BFB-4724-888C-575A4FBA2149}.AppStore|iPhoneSimulator.ActiveCfg = Release|Any CPU
		{A38AB302-7BFB-4724-888C-575A4FBA2149}.AppStore|iPhoneSimulator.Build.0 = Release|Any CPU
		{A38AB302-7BFB-4724-888C-575A4FBA2149}.AppStore|iPhoneSimulator.Deploy.0 = Release|Any CPU
		{A38AB302-7BFB-4724-888C-575A4FBA2149}.AppStore|x64.ActiveCfg = Release|x64
		{A38AB302-7BFB-4724-888C-575A4FBA2149}.AppStore|x64.Build.0 = Release|x64
		{A38AB302-7BFB-4724-888C-575A4FBA2149}.AppStore|x64.Deploy.0 = Release|x64
		{A38AB302-7BFB-4724-888C-575A4FBA2149}.AppStore|x86.ActiveCfg = Release|x86
		{A38AB302-7BFB-4724-888C-575A4FBA2149}.AppStore|x86.Build.0 = Release|x86
		{A38AB302-7BFB-4724-888C-575A4FBA2149}.AppStore|x86.Deploy.0 = Release|x86
		{A38AB302-7BFB-4724-888C-575A4FBA2149}.Debug|Any CPU.ActiveCfg = Debug|Any CPU
		{A38AB302-7BFB-4724-888C-575A4FBA2149}.Debug|Any CPU.Build.0 = Debug|Any CPU
		{A38AB302-7BFB-4724-888C-575A4FBA2149}.Debug|Any CPU.Deploy.0 = Debug|Any CPU
		{A38AB302-7BFB-4724-888C-575A4FBA2149}.Debug|iPhone.ActiveCfg = Debug|Any CPU
		{A38AB302-7BFB-4724-888C-575A4FBA2149}.Debug|iPhone.Build.0 = Debug|Any CPU
		{A38AB302-7BFB-4724-888C-575A4FBA2149}.Debug|iPhone.Deploy.0 = Debug|Any CPU
		{A38AB302-7BFB-4724-888C-575A4FBA2149}.Debug|iPhoneSimulator.ActiveCfg = Debug|Any CPU
		{A38AB302-7BFB-4724-888C-575A4FBA2149}.Debug|iPhoneSimulator.Build.0 = Debug|Any CPU
		{A38AB302-7BFB-4724-888C-575A4FBA2149}.Debug|iPhoneSimulator.Deploy.0 = Debug|Any CPU
		{A38AB302-7BFB-4724-888C-575A4FBA2149}.Debug|x64.ActiveCfg = Debug|x64
		{A38AB302-7BFB-4724-888C-575A4FBA2149}.Debug|x64.Build.0 = Debug|x64
		{A38AB302-7BFB-4724-888C-575A4FBA2149}.Debug|x64.Deploy.0 = Debug|x64
		{A38AB302-7BFB-4724-888C-575A4FBA2149}.Debug|x86.ActiveCfg = Debug|x86
		{A38AB302-7BFB-4724-888C-575A4FBA2149}.Debug|x86.Build.0 = Debug|x86
		{A38AB302-7BFB-4724-888C-575A4FBA2149}.Debug|x86.Deploy.0 = Debug|x86
		{A38AB302-7BFB-4724-888C-575A4FBA2149}.Release|Any CPU.ActiveCfg = Release|x64
		{A38AB302-7BFB-4724-888C-575A4FBA2149}.Release|Any CPU.Build.0 = Release|x64
		{A38AB302-7BFB-4724-888C-575A4FBA2149}.Release|Any CPU.Deploy.0 = Release|x64
		{A38AB302-7BFB-4724-888C-575A4FBA2149}.Release|iPhone.ActiveCfg = Release|x64
		{A38AB302-7BFB-4724-888C-575A4FBA2149}.Release|iPhone.Build.0 = Release|x64
		{A38AB302-7BFB-4724-888C-575A4FBA2149}.Release|iPhone.Deploy.0 = Release|x64
		{A38AB302-7BFB-4724-888C-575A4FBA2149}.Release|iPhoneSimulator.ActiveCfg = Release|x64
		{A38AB302-7BFB-4724-888C-575A4FBA2149}.Release|iPhoneSimulator.Build.0 = Release|x64
		{A38AB302-7BFB-4724-888C-575A4FBA2149}.Release|iPhoneSimulator.Deploy.0 = Release|x64
		{A38AB302-7BFB-4724-888C-575A4FBA2149}.Release|x64.ActiveCfg = Release|x64
		{A38AB302-7BFB-4724-888C-575A4FBA2149}.Release|x64.Build.0 = Release|x64
		{A38AB302-7BFB-4724-888C-575A4FBA2149}.Release|x64.Deploy.0 = Release|x64
		{A38AB302-7BFB-4724-888C-575A4FBA2149}.Release|x86.ActiveCfg = Release|x64
		{A38AB302-7BFB-4724-888C-575A4FBA2149}.Release|x86.Build.0 = Release|x64
		{A38AB302-7BFB-4724-888C-575A4FBA2149}.Release|x86.Deploy.0 = Release|x64
		{79C4B268-1716-4948-98AD-AB497097479B}.Ad-Hoc|Any CPU.ActiveCfg = Ad-Hoc|iPhone
		{79C4B268-1716-4948-98AD-AB497097479B}.Ad-Hoc|iPhone.ActiveCfg = Ad-Hoc|iPhone
		{79C4B268-1716-4948-98AD-AB497097479B}.Ad-Hoc|iPhone.Build.0 = Ad-Hoc|iPhone
		{79C4B268-1716-4948-98AD-AB497097479B}.Ad-Hoc|iPhoneSimulator.ActiveCfg = Ad-Hoc|iPhoneSimulator
		{79C4B268-1716-4948-98AD-AB497097479B}.Ad-Hoc|iPhoneSimulator.Build.0 = Ad-Hoc|iPhoneSimulator
		{79C4B268-1716-4948-98AD-AB497097479B}.Ad-Hoc|x64.ActiveCfg = Ad-Hoc|iPhoneSimulator
		{79C4B268-1716-4948-98AD-AB497097479B}.Ad-Hoc|x86.ActiveCfg = Ad-Hoc|iPhoneSimulator
		{79C4B268-1716-4948-98AD-AB497097479B}.AppStore|Any CPU.ActiveCfg = AppStore|iPhone
		{79C4B268-1716-4948-98AD-AB497097479B}.AppStore|iPhone.ActiveCfg = AppStore|iPhone
		{79C4B268-1716-4948-98AD-AB497097479B}.AppStore|iPhone.Build.0 = AppStore|iPhone
		{79C4B268-1716-4948-98AD-AB497097479B}.AppStore|iPhoneSimulator.ActiveCfg = AppStore|iPhoneSimulator
		{79C4B268-1716-4948-98AD-AB497097479B}.AppStore|iPhoneSimulator.Build.0 = AppStore|iPhoneSimulator
		{79C4B268-1716-4948-98AD-AB497097479B}.AppStore|x64.ActiveCfg = AppStore|iPhoneSimulator
		{79C4B268-1716-4948-98AD-AB497097479B}.AppStore|x86.ActiveCfg = AppStore|iPhoneSimulator
		{79C4B268-1716-4948-98AD-AB497097479B}.Debug|Any CPU.ActiveCfg = Debug|iPhone
		{79C4B268-1716-4948-98AD-AB497097479B}.Debug|iPhone.ActiveCfg = Debug|iPhone
		{79C4B268-1716-4948-98AD-AB497097479B}.Debug|iPhone.Build.0 = Debug|iPhone
		{79C4B268-1716-4948-98AD-AB497097479B}.Debug|iPhoneSimulator.ActiveCfg = Debug|iPhoneSimulator
		{79C4B268-1716-4948-98AD-AB497097479B}.Debug|iPhoneSimulator.Build.0 = Debug|iPhoneSimulator
		{79C4B268-1716-4948-98AD-AB497097479B}.Debug|x64.ActiveCfg = Debug|iPhoneSimulator
		{79C4B268-1716-4948-98AD-AB497097479B}.Debug|x86.ActiveCfg = Debug|iPhoneSimulator
		{79C4B268-1716-4948-98AD-AB497097479B}.Release|Any CPU.ActiveCfg = Release|iPhoneSimulator
		{79C4B268-1716-4948-98AD-AB497097479B}.Release|iPhone.ActiveCfg = Release|iPhoneSimulator
		{79C4B268-1716-4948-98AD-AB497097479B}.Release|iPhone.Build.0 = Release|iPhone
		{79C4B268-1716-4948-98AD-AB497097479B}.Release|iPhoneSimulator.ActiveCfg = Release|iPhoneSimulator
		{79C4B268-1716-4948-98AD-AB497097479B}.Release|iPhoneSimulator.Build.0 = Release|iPhoneSimulator
		{79C4B268-1716-4948-98AD-AB497097479B}.Release|x64.ActiveCfg = Release|iPhoneSimulator
		{79C4B268-1716-4948-98AD-AB497097479B}.Release|x86.ActiveCfg = Release|iPhoneSimulator
	EndGlobalSection
	GlobalSection(SolutionProperties) = preSolution
		HideSolutionNode = FALSE
	EndGlobalSection
EndGlobal
